Microsoft Visual Studio Solution File, Format Version 12.00
# Visual Studio Version 17
VisualStudioVersion = 17.5.2.0
MinimumVisualStudioVersion = 10.0.40219.1
Project("{FAE04EC0-301F-11D3-BF4B-00C04F79EFBC}") = "VAutoTraps", "VAutoTraps.csproj", "{656D25AB-F55A-1633-D632-F06EFB5E7F94}"
EndProject
Global
	GlobalSection(SolutionConfigurationPlatforms) = preSolution
		Debug|Any CPU = Debug|Any CPU
		Release|Any CPU = Release|Any CPU
	EndGlobalSection
	GlobalSection(ProjectConfigurationPlatforms) = postSolution
		{656D25AB-F55A-1633-D632-F06EFB5E7F94}.Debug|Any CPU.ActiveCfg = Debug|Any CPU
		{656D25AB-F55A-1633-D632-F06EFB5E7F94}.Debug|Any CPU.Build.0 = Debug|Any CPU
		{656D25AB-F55A-1633-D632-F06EFB5E7F94}.Release|Any CPU.ActiveCfg = Release|Any CPU
		{656D25AB-F55A-1633-D632-F06EFB5E7F94}.Release|Any CPU.Build.0 = Release|Any CPU
	EndGlobalSection
	GlobalSection(SolutionProperties) = preSolution
		HideSolutionNode = FALSE
	EndGlobalSection
	GlobalSection(ExtensibilityGlobals) = postSolution
		SolutionGuid = {2306371E-7AF9-4322-983B-EDC330951493}
	EndGlobalSection
EndGlobal
